{
  "originHash" : "5979379bbe4a11ccbf1fc7dc7fc3a471bfb1af99f83375766524096fc23d0c1b",
  "pins" : [
    {
      "identity" : "swift-collections",
      "kind" : "remoteSourceControl",
      "location" : "https://github.com/apple/swift-collections",
      "state" : {
        "revision" : "671108c96644956dddcd89dd59c203dcdb36cec7",
        "version" : "1.1.4"
      }
    },
    {
      "identity" : "swift-identified-collections",
      "kind" : "remoteSourceControl",
      "location" : "https://github.com/pointfreeco/swift-identified-collections",
      "state" : {
        "revision" : "2f5ab6e091dd032b63dacbda052405756010dc3b",
        "version" : "1.1.0"
      }
    },
    {
      "identity" : "swiftui-preview-bundle-finder",
      "kind" : "remoteSourceControl",
      "location" : "https://github.com/bscothern/swiftui-preview-bundle-finder",
      "state" : {
        "revision" : "89f0b2eb466eb6910668589ddbe7cd8be7eed5b2",
        "version" : "0.2.0"
      }
    }
  ],
  "version" : 3
}
