{
  "originHash" : "7c9514f02d8513cee74b605a709083746ba0b368a926037020363d1df83df10a",
  "pins" : [
    {
      "identity" : "swift-collections",
      "kind" : "remoteSourceControl",
      "location" : "https://github.com/apple/swift-collections",
      "state" : {
        "revision" : "671108c96644956dddcd89dd59c203dcdb36cec7",
        "version" : "1.1.4"
      }
    },
    {
      "identity" : "swiftui-preview-bundle-finder",
      "kind" : "remoteSourceControl",
      "location" : "https://github.com/bscothern/swiftui-preview-bundle-finder",
      "state" : {
        "revision" : "89f0b2eb466eb6910668589ddbe7cd8be7eed5b2",
        "version" : "0.2.0"
      }
    }
  ],
  "version" : 3
}
